
Microsoft Visual Studio Solution File, Format Version 12.00
# Visual Studio Version 17
VisualStudioVersion = 17.3.32929.385
MinimumVisualStudioVersion = 10.0.40219.1
Project("{9A19103F-16F7-4668-BE54-9A1E7A4F7556}") = "WebApp.MedicoApp", "WebApp.MedicoApp.csproj", "{B556528C-4DBE-48C6-8EC5-8BAFE8147FBD}"
EndProject
Project("{2150E333-8FDC-42A3-9474-1A3956D46DE8}") = "Source", "Source", "{B293F21B-9B92-4339-8540-6180AAC345C8}"
EndProject
Project("{2150E333-8FDC-42A3-9474-1A3956D46DE8}") = "Core", "Core", "{74CE54B4-CDF2-4E9F-9CCC-645B2209AD23}"
EndProject
Project("{2150E333-8FDC-42A3-9474-1A3956D46DE8}") = "Infrastructure", "Infrastructure", "{824BEC8E-C5F3-42BB-8114-333E29FFCC96}"
EndProject
Project("{2150E333-8FDC-42A3-9474-1A3956D46DE8}") = "Presentation", "Presentation", "{A3DADAAE-03E8-43EB-A010-21F1E0CE2520}"
EndProject
Project("{9A19103F-16F7-4668-BE54-9A1E7A4F7556}") = "MedicosApp.Core.Application", "..\MedicosApp.Core.Application\MedicosApp.Core.Application.csproj", "{044157E6-5A22-4CB8-BC0D-6A1BDE1DB547}"
EndProject
Project("{9A19103F-16F7-4668-BE54-9A1E7A4F7556}") = "MedicosApp.Core.Domain", "..\MedicosApp.Core.Domain\MedicosApp.Core.Domain.csproj", "{34D85D06-66D6-45BC-9236-0336BD9B1FBF}"
EndProject
Project("{9A19103F-16F7-4668-BE54-9A1E7A4F7556}") = "MedicosApp.Infrastructure.Persistence", "..\MedicosApp.Infrastructure.Persistence\MedicosApp.Infrastructure.Persistence.csproj", "{6CB04FCD-FA31-4209-ADCB-0F2B54DF1559}"
EndProject
Project("{2150E333-8FDC-42A3-9474-1A3956D46DE8}") = "WebApp", "WebApp", "{92DD4D00-708E-40D4-84A4-7876FED55530}"
EndProject
Project("{2150E333-8FDC-42A3-9474-1A3956D46DE8}") = "WebApi", "WebApi", "{180E4D1C-8FF8-4F3A-BC5A-008EF0183DCA}"
EndProject
Project("{FAE04EC0-301F-11D3-BF4B-00C04F79EFBC}") = "MedicoAppWebApi", "..\MedicoAppWebApi\MedicoAppWebApi.csproj", "{C1DC50FA-8340-46F1-AC83-CF91D0D7D907}"
EndProject
Global
	GlobalSection(SolutionConfigurationPlatforms) = preSolution
		Debug|Any CPU = Debug|Any CPU
		Release|Any CPU = Release|Any CPU
	EndGlobalSection
	GlobalSection(ProjectConfigurationPlatforms) = postSolution
		{B556528C-4DBE-48C6-8EC5-8BAFE8147FBD}.Debug|Any CPU.ActiveCfg = Debug|Any CPU
		{B556528C-4DBE-48C6-8EC5-8BAFE8147FBD}.Debug|Any CPU.Build.0 = Debug|Any CPU
		{B556528C-4DBE-48C6-8EC5-8BAFE8147FBD}.Release|Any CPU.ActiveCfg = Release|Any CPU
		{B556528C-4DBE-48C6-8EC5-8BAFE8147FBD}.Release|Any CPU.Build.0 = Release|Any CPU
		{044157E6-5A22-4CB8-BC0D-6A1BDE1DB547}.Debug|Any CPU.ActiveCfg = Debug|Any CPU
		{044157E6-5A22-4CB8-BC0D-6A1BDE1DB547}.Debug|Any CPU.Build.0 = Debug|Any CPU
		{044157E6-5A22-4CB8-BC0D-6A1BDE1DB547}.Release|Any CPU.ActiveCfg = Release|Any CPU
		{044157E6-5A22-4CB8-BC0D-6A1BDE1DB547}.Release|Any CPU.Build.0 = Release|Any CPU
		{34D85D06-66D6-45BC-9236-0336BD9B1FBF}.Debug|Any CPU.ActiveCfg = Debug|Any CPU
		{34D85D06-66D6-45BC-9236-0336BD9B1FBF}.Debug|Any CPU.Build.0 = Debug|Any CPU
		{34D85D06-66D6-45BC-9236-0336BD9B1FBF}.Release|Any CPU.ActiveCfg = Release|Any CPU
		{34D85D06-66D6-45BC-9236-0336BD9B1FBF}.Release|Any CPU.Build.0 = Release|Any CPU
		{6CB04FCD-FA31-4209-ADCB-0F2B54DF1559}.Debug|Any CPU.ActiveCfg = Debug|Any CPU
		{6CB04FCD-FA31-4209-ADCB-0F2B54DF1559}.Debug|Any CPU.Build.0 = Debug|Any CPU
		{6CB04FCD-FA31-4209-ADCB-0F2B54DF1559}.Release|Any CPU.ActiveCfg = Release|Any CPU
		{6CB04FCD-FA31-4209-ADCB-0F2B54DF1559}.Release|Any CPU.Build.0 = Release|Any CPU
		{C1DC50FA-8340-46F1-AC83-CF91D0D7D907}.Debug|Any CPU.ActiveCfg = Debug|Any CPU
		{C1DC50FA-8340-46F1-AC83-CF91D0D7D907}.Debug|Any CPU.Build.0 = Debug|Any CPU
		{C1DC50FA-8340-46F1-AC83-CF91D0D7D907}.Release|Any CPU.ActiveCfg = Release|Any CPU
		{C1DC50FA-8340-46F1-AC83-CF91D0D7D907}.Release|Any CPU.Build.0 = Release|Any CPU
	EndGlobalSection
	GlobalSection(SolutionProperties) = preSolution
		HideSolutionNode = FALSE
	EndGlobalSection
	GlobalSection(NestedProjects) = preSolution
		{B556528C-4DBE-48C6-8EC5-8BAFE8147FBD} = {92DD4D00-708E-40D4-84A4-7876FED55530}
		{74CE54B4-CDF2-4E9F-9CCC-645B2209AD23} = {B293F21B-9B92-4339-8540-6180AAC345C8}
		{824BEC8E-C5F3-42BB-8114-333E29FFCC96} = {B293F21B-9B92-4339-8540-6180AAC345C8}
		{A3DADAAE-03E8-43EB-A010-21F1E0CE2520} = {B293F21B-9B92-4339-8540-6180AAC345C8}
		{044157E6-5A22-4CB8-BC0D-6A1BDE1DB547} = {74CE54B4-CDF2-4E9F-9CCC-645B2209AD23}
		{34D85D06-66D6-45BC-9236-0336BD9B1FBF} = {74CE54B4-CDF2-4E9F-9CCC-645B2209AD23}
		{6CB04FCD-FA31-4209-ADCB-0F2B54DF1559} = {824BEC8E-C5F3-42BB-8114-333E29FFCC96}
		{92DD4D00-708E-40D4-84A4-7876FED55530} = {A3DADAAE-03E8-43EB-A010-21F1E0CE2520}
		{180E4D1C-8FF8-4F3A-BC5A-008EF0183DCA} = {A3DADAAE-03E8-43EB-A010-21F1E0CE2520}
		{C1DC50FA-8340-46F1-AC83-CF91D0D7D907} = {180E4D1C-8FF8-4F3A-BC5A-008EF0183DCA}
	EndGlobalSection
	GlobalSection(ExtensibilityGlobals) = postSolution
		SolutionGuid = {EDA51613-E8A0-4200-9016-040BDB53EF80}
	EndGlobalSection
EndGlobal
